// !$*UTF8*$!
{
	archiveVersion = 1;
	classes = {
	};
	objectVersion = 56;
	objects = {

/* Begin PBXBuildFile section */
		3F5B62372B4685F800FCF131 /* main.cpp in Sources */ = {isa = PBXBuildFile; fileRef = 3F5B62362B4685F800FCF131 /* main.cpp */; };
		3F5B62412B46863700FCF131 /* libsfml-audio.2.6.1.dylib in Embed Libraries */ = {isa = PBXBuildFile; fileRef = 3F5B623F2B46863700FCF131 /* libsfml-audio.2.6.1.dylib */; settings = {ATTRIBUTES = (CodeSignOnCopy, ); }; };
		3F5B62452B46864500FCF131 /* libsfml-graphics.2.6.1.dylib in Embed Libraries */ = {isa = PBXBuildFile; fileRef = 3F5B62432B46864500FCF131 /* libsfml-graphics.2.6.1.dylib */; settings = {ATTRIBUTES = (CodeSignOnCopy, ); }; };
		3F5B62482B46865200FCF131 /* libsfml-network.2.6.1.dylib in Embed Libraries */ = {isa = PBXBuildFile; fileRef = 3F5B62462B46865200FCF131 /* libsfml-network.2.6.1.dylib */; settings = {ATTRIBUTES = (CodeSignOnCopy, ); }; };
		3F5B624B2B46866500FCF131 /* libsfml-window.2.6.1.dylib in Embed Libraries */ = {isa = PBXBuildFile; fileRef = 3F5B62492B46866500FCF131 /* libsfml-window.2.6.1.dylib */; settings = {ATTRIBUTES = (CodeSignOnCopy, ); }; };
		3F5B624E2B46867300FCF131 /* libsfml-system.2.6.1.dylib in Embed Libraries */ = {isa = PBXBuildFile; fileRef = 3F5B624C2B46867300FCF131 /* libsfml-system.2.6.1.dylib */; settings = {ATTRIBUTES = (CodeSignOnCopy, ); }; };
		3F5B62522B46881900FCF131 /* libsfml-graphics.2.6.1.dylib in Frameworks */ = {isa = PBXBuildFile; fileRef = 3F5B62512B46881900FCF131 /* libsfml-graphics.2.6.1.dylib */; };
		3F5B62542B46882600FCF131 /* libsfml-network.2.6.1.dylib in Frameworks */ = {isa = PBXBuildFile; fileRef = 3F5B62532B46882600FCF131 /* libsfml-network.2.6.1.dylib */; };
		3F5B62562B46883400FCF131 /* libsfml-window.2.6.1.dylib in Frameworks */ = {isa = PBXBuildFile; fileRef = 3F5B62552B46883400FCF131 /* libsfml-window.2.6.1.dylib */; };
		3F5B62582B46884400FCF131 /* libsfml-system.2.6.1.dylib in Frameworks */ = {isa = PBXBuildFile; fileRef = 3F5B62572B46884400FCF131 /* libsfml-system.2.6.1.dylib */; };
		3F7FECCC2B67825F002D1CA1 /* game.cpp in Sources */ = {isa = PBXBuildFile; fileRef = 3F7FECCA2B67825F002D1CA1 /* game.cpp */; };
		3F8A55142B4A8F7600E49C29 /* sprites.cpp in Sources */ = {isa = PBXBuildFile; fileRef = 3F8A55122B4A8F7600E49C29 /* sprites.cpp */; };
		3FC848CA2B46C908001439B1 /* libsfml-audio.2.6.1.dylib in Frameworks */ = {isa = PBXBuildFile; fileRef = 3F5B624F2B46880D00FCF131 /* libsfml-audio.2.6.1.dylib */; };
		3FF1DE602B46F74000DF4EB7 /* SFML in CopyFiles */ = {isa = PBXBuildFile; fileRef = 3FF1DE5F2B46F74000DF4EB7 /* SFML */; };
/* End PBXBuildFile section */

/* Begin PBXCopyFilesBuildPhase section */
		3F5B62312B4685F800FCF131 /* CopyFiles */ = {
			isa = PBXCopyFilesBuildPhase;
			buildActionMask = 2147483647;
			dstPath = /usr/share/man/man1/;
			dstSubfolderSpec = 0;
			files = (
				3FF1DE602B46F74000DF4EB7 /* SFML in CopyFiles */,
			);
			runOnlyForDeploymentPostprocessing = 1;
		};
		3F5B62422B46863700FCF131 /* Embed Libraries */ = {
			isa = PBXCopyFilesBuildPhase;
			buildActionMask = 2147483647;
			dstPath = "";
			dstSubfolderSpec = 10;
			files = (
				3F5B62452B46864500FCF131 /* libsfml-graphics.2.6.1.dylib in Embed Libraries */,
				3F5B624B2B46866500FCF131 /* libsfml-window.2.6.1.dylib in Embed Libraries */,
				3F5B62482B46865200FCF131 /* libsfml-network.2.6.1.dylib in Embed Libraries */,
				3F5B62412B46863700FCF131 /* libsfml-audio.2.6.1.dylib in Embed Libraries */,
				3F5B624E2B46867300FCF131 /* libsfml-system.2.6.1.dylib in Embed Libraries */,
			);
			name = "Embed Libraries";
			runOnlyForDeploymentPostprocessing = 0;
		};
/* End PBXCopyFilesBuildPhase section */

/* Begin PBXFileReference section */
		3F5B62332B4685F800FCF131 /* sfmlgame1 */ = {isa = PBXFileReference; explicitFileType = "compiled.mach-o.executable"; includeInIndex = 0; path = sfmlgame1; sourceTree = BUILT_PRODUCTS_DIR; };
		3F5B62362B4685F800FCF131 /* main.cpp */ = {isa = PBXFileReference; lastKnownFileType = sourcecode.cpp.cpp; path = main.cpp; sourceTree = "<group>"; };
		3F5B623E2B46862600FCF131 /* SFML */ = {isa = PBXFileReference; lastKnownFileType = folder; name = SFML; path = ../tictactoeSFML/ExternalLibraries/SFML; sourceTree = "<group>"; };
		3F5B623F2B46863700FCF131 /* libsfml-audio.2.6.1.dylib */ = {isa = PBXFileReference; lastKnownFileType = "compiled.mach-o.dylib"; name = "libsfml-audio.2.6.1.dylib"; path = "../tictactoeSFML/ExternalLibraries/SFML/lib/libsfml-audio.2.6.1.dylib"; sourceTree = "<group>"; };
		3F5B62432B46864500FCF131 /* libsfml-graphics.2.6.1.dylib */ = {isa = PBXFileReference; lastKnownFileType = "compiled.mach-o.dylib"; name = "libsfml-graphics.2.6.1.dylib"; path = "../tictactoeSFML/ExternalLibraries/SFML/lib/libsfml-graphics.2.6.1.dylib"; sourceTree = "<group>"; };
		3F5B62462B46865200FCF131 /* libsfml-network.2.6.1.dylib */ = {isa = PBXFileReference; lastKnownFileType = "compiled.mach-o.dylib"; name = "libsfml-network.2.6.1.dylib"; path = "../tictactoeSFML/ExternalLibraries/SFML/lib/libsfml-network.2.6.1.dylib"; sourceTree = "<group>"; };
		3F5B62492B46866500FCF131 /* libsfml-window.2.6.1.dylib */ = {isa = PBXFileReference; lastKnownFileType = "compiled.mach-o.dylib"; name = "libsfml-window.2.6.1.dylib"; path = "../tictactoeSFML/ExternalLibraries/SFML/lib/libsfml-window.2.6.1.dylib"; sourceTree = "<group>"; };
		3F5B624C2B46867300FCF131 /* libsfml-system.2.6.1.dylib */ = {isa = PBXFileReference; lastKnownFileType = "compiled.mach-o.dylib"; name = "libsfml-system.2.6.1.dylib"; path = "../tictactoeSFML/ExternalLibraries/SFML/lib/libsfml-system.2.6.1.dylib"; sourceTree = "<group>"; };
		3F5B624F2B46880D00FCF131 /* libsfml-audio.2.6.1.dylib */ = {isa = PBXFileReference; lastKnownFileType = "compiled.mach-o.dylib"; name = "libsfml-audio.2.6.1.dylib"; path = "SFML/lib/libsfml-audio.2.6.1.dylib"; sourceTree = "<group>"; };
		3F5B62512B46881900FCF131 /* libsfml-graphics.2.6.1.dylib */ = {isa = PBXFileReference; lastKnownFileType = "compiled.mach-o.dylib"; name = "libsfml-graphics.2.6.1.dylib"; path = "SFML/lib/libsfml-graphics.2.6.1.dylib"; sourceTree = "<group>"; };
		3F5B62532B46882600FCF131 /* libsfml-network.2.6.1.dylib */ = {isa = PBXFileReference; lastKnownFileType = "compiled.mach-o.dylib"; name = "libsfml-network.2.6.1.dylib"; path = "SFML/lib/libsfml-network.2.6.1.dylib"; sourceTree = "<group>"; };
		3F5B62552B46883400FCF131 /* libsfml-window.2.6.1.dylib */ = {isa = PBXFileReference; lastKnownFileType = "compiled.mach-o.dylib"; name = "libsfml-window.2.6.1.dylib"; path = "SFML/lib/libsfml-window.2.6.1.dylib"; sourceTree = "<group>"; };
		3F5B62572B46884400FCF131 /* libsfml-system.2.6.1.dylib */ = {isa = PBXFileReference; lastKnownFileType = "compiled.mach-o.dylib"; name = "libsfml-system.2.6.1.dylib"; path = "SFML/lib/libsfml-system.2.6.1.dylib"; sourceTree = "<group>"; };
		3F7FECCA2B67825F002D1CA1 /* game.cpp */ = {isa = PBXFileReference; lastKnownFileType = sourcecode.cpp.cpp; path = game.cpp; sourceTree = "<group>"; };
		3F7FECCB2B67825F002D1CA1 /* game.hpp */ = {isa = PBXFileReference; lastKnownFileType = sourcecode.cpp.h; path = game.hpp; sourceTree = "<group>"; };
		3F8A55122B4A8F7600E49C29 /* sprites.cpp */ = {isa = PBXFileReference; lastKnownFileType = sourcecode.cpp.cpp; path = sprites.cpp; sourceTree = "<group>"; };
		3F8A55132B4A8F7600E49C29 /* sprites.hpp */ = {isa = PBXFileReference; lastKnownFileType = sourcecode.cpp.h; path = sprites.hpp; sourceTree = "<group>"; };
		3FF1DE5F2B46F74000DF4EB7 /* SFML */ = {isa = PBXFileReference; lastKnownFileType = folder; path = SFML; sourceTree = "<group>"; };
/* End PBXFileReference section */

/* Begin PBXFrameworksBuildPhase section */
		3F5B62302B4685F800FCF131 /* Frameworks */ = {
			isa = PBXFrameworksBuildPhase;
			buildActionMask = 2147483647;
			files = (
				3FC848CA2B46C908001439B1 /* libsfml-audio.2.6.1.dylib in Frameworks */,
				3F5B62582B46884400FCF131 /* libsfml-system.2.6.1.dylib in Frameworks */,
				3F5B62562B46883400FCF131 /* libsfml-window.2.6.1.dylib in Frameworks */,
				3F5B62542B46882600FCF131 /* libsfml-network.2.6.1.dylib in Frameworks */,
				3F5B62522B46881900FCF131 /* libsfml-graphics.2.6.1.dylib in Frameworks */,
			);
			runOnlyForDeploymentPostprocessing = 0;
		};
/* End PBXFrameworksBuildPhase section */

/* Begin PBXGroup section */
		3F5B622A2B4685F700FCF131 = {
			isa = PBXGroup;
			children = (
				3FF1DE5F2B46F74000DF4EB7 /* SFML */,
				3F5B62352B4685F800FCF131 /* sfmlgame1 */,
				3F5B62342B4685F800FCF131 /* Products */,
				3F5B623D2B46862600FCF131 /* Frameworks */,
			);
			sourceTree = "<group>";
		};
		3F5B62342B4685F800FCF131 /* Products */ = {
			isa = PBXGroup;
			children = (
				3F5B62332B4685F800FCF131 /* sfmlgame1 */,
			);
			name = Products;
			sourceTree = "<group>";
		};
		3F5B62352B4685F800FCF131 /* sfmlgame1 */ = {
			isa = PBXGroup;
			children = (
				3F5B62362B4685F800FCF131 /* main.cpp */,
				3F7FECCA2B67825F002D1CA1 /* game.cpp */,
				3F7FECCB2B67825F002D1CA1 /* game.hpp */,
				3F8A55122B4A8F7600E49C29 /* sprites.cpp */,
				3F8A55132B4A8F7600E49C29 /* sprites.hpp */,
			);
			path = sfmlgame1;
			sourceTree = "<group>";
		};
		3F5B623D2B46862600FCF131 /* Frameworks */ = {
			isa = PBXGroup;
			children = (
				3F5B62572B46884400FCF131 /* libsfml-system.2.6.1.dylib */,
				3F5B62552B46883400FCF131 /* libsfml-window.2.6.1.dylib */,
				3F5B62532B46882600FCF131 /* libsfml-network.2.6.1.dylib */,
				3F5B62512B46881900FCF131 /* libsfml-graphics.2.6.1.dylib */,
				3F5B624F2B46880D00FCF131 /* libsfml-audio.2.6.1.dylib */,
				3F5B624C2B46867300FCF131 /* libsfml-system.2.6.1.dylib */,
				3F5B62492B46866500FCF131 /* libsfml-window.2.6.1.dylib */,
				3F5B62462B46865200FCF131 /* libsfml-network.2.6.1.dylib */,
				3F5B62432B46864500FCF131 /* libsfml-graphics.2.6.1.dylib */,
				3F5B623F2B46863700FCF131 /* libsfml-audio.2.6.1.dylib */,
				3F5B623E2B46862600FCF131 /* SFML */,
			);
			name = Frameworks;
			sourceTree = "<group>";
		};
/* End PBXGroup section */

/* Begin PBXNativeTarget section */
		3F5B62322B4685F800FCF131 /* sfmlgame1 */ = {
			isa = PBXNativeTarget;
			buildConfigurationList = 3F5B623A2B4685F800FCF131 /* Build configuration list for PBXNativeTarget "sfmlgame1" */;
			buildPhases = (
				3F5B622F2B4685F800FCF131 /* Sources */,
				3F5B62302B4685F800FCF131 /* Frameworks */,
				3F5B62312B4685F800FCF131 /* CopyFiles */,
				3F5B62422B46863700FCF131 /* Embed Libraries */,
			);
			buildRules = (
			);
			dependencies = (
			);
			name = sfmlgame1;
			productName = sfmlgame1;
			productReference = 3F5B62332B4685F800FCF131 /* sfmlgame1 */;
			productType = "com.apple.product-type.tool";
		};
/* End PBXNativeTarget section */

/* Begin PBXProject section */
		3F5B622B2B4685F700FCF131 /* Project object */ = {
			isa = PBXProject;
			attributes = {
				BuildIndependentTargetsInParallel = 1;
				LastUpgradeCheck = 1430;
				TargetAttributes = {
					3F5B62322B4685F800FCF131 = {
						CreatedOnToolsVersion = 14.3.1;
					};
				};
			};
			buildConfigurationList = 3F5B622E2B4685F700FCF131 /* Build configuration list for PBXProject "sfmlgame1" */;
			compatibilityVersion = "Xcode 14.0";
			developmentRegion = en;
			hasScannedForEncodings = 0;
			knownRegions = (
				en,
				Base,
			);
			mainGroup = 3F5B622A2B4685F700FCF131;
			productRefGroup = 3F5B62342B4685F800FCF131 /* Products */;
			projectDirPath = "";
			projectRoot = "";
			targets = (
				3F5B62322B4685F800FCF131 /* sfmlgame1 */,
			);
		};
/* End PBXProject section */

/* Begin PBXSourcesBuildPhase section */
		3F5B622F2B4685F800FCF131 /* Sources */ = {
			isa = PBXSourcesBuildPhase;
			buildActionMask = 2147483647;
			files = (
				3F8A55142B4A8F7600E49C29 /* sprites.cpp in Sources */,
				3F5B62372B4685F800FCF131 /* main.cpp in Sources */,
				3F7FECCC2B67825F002D1CA1 /* game.cpp in Sources */,
			);
			runOnlyForDeploymentPostprocessing = 0;
		};
/* End PBXSourcesBuildPhase section */

/* Begin XCBuildConfiguration section */
		3F5B62382B4685F800FCF131 /* Debug */ = {
			isa = XCBuildConfiguration;
			buildSettings = {
				ALWAYS_SEARCH_USER_PATHS = NO;
				CLANG_ANALYZER_NONNULL = YES;
				CLANG_ANALYZER_NUMBER_OBJECT_CONVERSION = YES_AGGRESSIVE;
				CLANG_CXX_LANGUAGE_STANDARD = "gnu++20";
				CLANG_ENABLE_MODULES = YES;
				CLANG_ENABLE_OBJC_ARC = YES;
				CLANG_ENABLE_OBJC_WEAK = YES;
				CLANG_WARN_BLOCK_CAPTURE_AUTORELEASING = YES;
				CLANG_WARN_BOOL_CONVERSION = YES;
				CLANG_WARN_COMMA = YES;
				CLANG_WARN_CONSTANT_CONVERSION = YES;
				CLANG_WARN_DEPRECATED_OBJC_IMPLEMENTATIONS = YES;
				CLANG_WARN_DIRECT_OBJC_ISA_USAGE = YES_ERROR;
				CLANG_WARN_DOCUMENTATION_COMMENTS = YES;
				CLANG_WARN_EMPTY_BODY = YES;
				CLANG_WARN_ENUM_CONVERSION = YES;
				CLANG_WARN_INFINITE_RECURSION = YES;
				CLANG_WARN_INT_CONVERSION = YES;
				CLANG_WARN_NON_LITERAL_NULL_CONVERSION = YES;
				CLANG_WARN_OBJC_IMPLICIT_RETAIN_SELF = YES;
				CLANG_WARN_OBJC_LITERAL_CONVERSION = YES;
				CLANG_WARN_OBJC_ROOT_CLASS = YES_ERROR;
				CLANG_WARN_QUOTED_INCLUDE_IN_FRAMEWORK_HEADER = YES;
				CLANG_WARN_RANGE_LOOP_ANALYSIS = YES;
				CLANG_WARN_STRICT_PROTOTYPES = YES;
				CLANG_WARN_SUSPICIOUS_MOVE = YES;
				CLANG_WARN_UNGUARDED_AVAILABILITY = YES_AGGRESSIVE;
				CLANG_WARN_UNREACHABLE_CODE = YES;
				CLANG_WARN__DUPLICATE_METHOD_MATCH = YES;
				COPY_PHASE_STRIP = NO;
				DEBUG_INFORMATION_FORMAT = dwarf;
				ENABLE_STRICT_OBJC_MSGSEND = YES;
				ENABLE_TESTABILITY = YES;
				GCC_C_LANGUAGE_STANDARD = gnu11;
				GCC_DYNAMIC_NO_PIC = NO;
				GCC_NO_COMMON_BLOCKS = YES;
				GCC_OPTIMIZATION_LEVEL = 0;
				GCC_PREPROCESSOR_DEFINITIONS = (
					"DEBUG=1",
					"$(inherited)",
				);
				GCC_WARN_64_TO_32_BIT_CONVERSION = YES;
				GCC_WARN_ABOUT_RETURN_TYPE = YES_ERROR;
				GCC_WARN_UNDECLARED_SELECTOR = YES;
				GCC_WARN_UNINITIALIZED_AUTOS = YES_AGGRESSIVE;
				GCC_WARN_UNUSED_FUNCTION = YES;
				GCC_WARN_UNUSED_VARIABLE = YES;
				MACOSX_DEPLOYMENT_TARGET = 13.3;
				MTL_ENABLE_DEBUG_INFO = INCLUDE_SOURCE;
				MTL_FAST_MATH = YES;
				ONLY_ACTIVE_ARCH = YES;
				SDKROOT = macosx;
			};
			name = Debug;
		};
		3F5B62392B4685F800FCF131 /* Release */ = {
			isa = XCBuildConfiguration;
			buildSettings = {
				ALWAYS_SEARCH_USER_PATHS = NO;
				CLANG_ANALYZER_NONNULL = YES;
				CLANG_ANALYZER_NUMBER_OBJECT_CONVERSION = YES_AGGRESSIVE;
				CLANG_CXX_LANGUAGE_STANDARD = "gnu++20";
				CLANG_ENABLE_MODULES = YES;
				CLANG_ENABLE_OBJC_ARC = YES;
				CLANG_ENABLE_OBJC_WEAK = YES;
				CLANG_WARN_BLOCK_CAPTURE_AUTORELEASING = YES;
				CLANG_WARN_BOOL_CONVERSION = YES;
				CLANG_WARN_COMMA = YES;
				CLANG_WARN_CONSTANT_CONVERSION = YES;
				CLANG_WARN_DEPRECATED_OBJC_IMPLEMENTATIONS = YES;
				CLANG_WARN_DIRECT_OBJC_ISA_USAGE = YES_ERROR;
				CLANG_WARN_DOCUMENTATION_COMMENTS = YES;
				CLANG_WARN_EMPTY_BODY = YES;
				CLANG_WARN_ENUM_CONVERSION = YES;
				CLANG_WARN_INFINITE_RECURSION = YES;
				CLANG_WARN_INT_CONVERSION = YES;
				CLANG_WARN_NON_LITERAL_NULL_CONVERSION = YES;
				CLANG_WARN_OBJC_IMPLICIT_RETAIN_SELF = YES;
				CLANG_WARN_OBJC_LITERAL_CONVERSION = YES;
				CLANG_WARN_OBJC_ROOT_CLASS = YES_ERROR;
				CLANG_WARN_QUOTED_INCLUDE_IN_FRAMEWORK_HEADER = YES;
				CLANG_WARN_RANGE_LOOP_ANALYSIS = YES;
				CLANG_WARN_STRICT_PROTOTYPES = YES;
				CLANG_WARN_SUSPICIOUS_MOVE = YES;
				CLANG_WARN_UNGUARDED_AVAILABILITY = YES_AGGRESSIVE;
				CLANG_WARN_UNREACHABLE_CODE = YES;
				CLANG_WARN__DUPLICATE_METHOD_MATCH = YES;
				COPY_PHASE_STRIP = NO;
				DEBUG_INFORMATION_FORMAT = "dwarf-with-dsym";
				ENABLE_NS_ASSERTIONS = NO;
				ENABLE_STRICT_OBJC_MSGSEND = YES;
				GCC_C_LANGUAGE_STANDARD = gnu11;
				GCC_NO_COMMON_BLOCKS = YES;
				GCC_WARN_64_TO_32_BIT_CONVERSION = YES;
				GCC_WARN_ABOUT_RETURN_TYPE = YES_ERROR;
				GCC_WARN_UNDECLARED_SELECTOR = YES;
				GCC_WARN_UNINITIALIZED_AUTOS = YES_AGGRESSIVE;
				GCC_WARN_UNUSED_FUNCTION = YES;
				GCC_WARN_UNUSED_VARIABLE = YES;
				MACOSX_DEPLOYMENT_TARGET = 13.3;
				MTL_ENABLE_DEBUG_INFO = NO;
				MTL_FAST_MATH = YES;
				SDKROOT = macosx;
			};
			name = Release;
		};
		3F5B623B2B4685F800FCF131 /* Debug */ = {
			isa = XCBuildConfiguration;
			buildSettings = {
				CODE_SIGN_STYLE = Automatic;
				HEADER_SEARCH_PATHS = "${SRCROOT}/SFML/include";
				LIBRARY_SEARCH_PATHS = (
					"$(inherited)",
					"$(PROJECT_DIR)/SFML/lib",
				);
				PRODUCT_NAME = "$(TARGET_NAME)";
			};
			name = Debug;
		};
		3F5B623C2B4685F800FCF131 /* Release */ = {
			isa = XCBuildConfiguration;
			buildSettings = {
				CODE_SIGN_STYLE = Automatic;
				HEADER_SEARCH_PATHS = "${SRCROOT}/SFML/include";
				LIBRARY_SEARCH_PATHS = (
					"$(inherited)",
					"$(PROJECT_DIR)/SFML/lib",
				);
				PRODUCT_NAME = "$(TARGET_NAME)";
			};
			name = Release;
		};
/* End XCBuildConfiguration section */

/* Begin XCConfigurationList section */
		3F5B622E2B4685F700FCF131 /* Build configuration list for PBXProject "sfmlgame1" */ = {
			isa = XCConfigurationList;
			buildConfigurations = (
				3F5B62382B4685F800FCF131 /* Debug */,
				3F5B62392B4685F800FCF131 /* Release */,
			);
			defaultConfigurationIsVisible = 0;
			defaultConfigurationName = Release;
		};
		3F5B623A2B4685F800FCF131 /* Build configuration list for PBXNativeTarget "sfmlgame1" */ = {
			isa = XCConfigurationList;
			buildConfigurations = (
				3F5B623B2B4685F800FCF131 /* Debug */,
				3F5B623C2B4685F800FCF131 /* Release */,
			);
			defaultConfigurationIsVisible = 0;
			defaultConfigurationName = Release;
		};
/* End XCConfigurationList section */
	};
	rootObject = 3F5B622B2B4685F700FCF131 /* Project object */;
}
